
Microsoft Visual Studio Solution File, Format Version 12.00
# Visual Studio 15
VisualStudioVersion = 15.0.28307.1705
MinimumVisualStudioVersion = 10.0.40219.1
Project("{8BC9CEB8-8B4A-11D0-8D11-00A0C91BC942}") = "6.19", "6.19\6.19.vcxproj", "{78EE5AF5-FDFC-45EF-9ED0-2B6B4DC96062}"
EndProject
Global
	GlobalSection(SolutionConfigurationPlatforms) = preSolution
		Debug|x64 = Debug|x64
		Debug|x86 = Debug|x86
		Release|x64 = Release|x64
		Release|x86 = Release|x86
	EndGlobalSection
	GlobalSection(ProjectConfigurationPlatforms) = postSolution
		{78EE5AF5-FDFC-45EF-9ED0-2B6B4DC96062}.Debug|x64.ActiveCfg = Debug|x64
		{78EE5AF5-FDFC-45EF-9ED0-2B6B4DC96062}.Debug|x64.Build.0 = Debug|x64
		{78EE5AF5-FDFC-45EF-9ED0-2B6B4DC96062}.Debug|x86.ActiveCfg = Debug|Win32
		{78EE5AF5-FDFC-45EF-9ED0-2B6B4DC96062}.Debug|x86.Build.0 = Debug|Win32
		{78EE5AF5-FDFC-45EF-9ED0-2B6B4DC96062}.Release|x64.ActiveCfg = Release|x64
		{78EE5AF5-FDFC-45EF-9ED0-2B6B4DC96062}.Release|x64.Build.0 = Release|x64
		{78EE5AF5-FDFC-45EF-9ED0-2B6B4DC96062}.Release|x86.ActiveCfg = Release|Win32
		{78EE5AF5-FDFC-45EF-9ED0-2B6B4DC96062}.Release|x86.Build.0 = Release|Win32
	EndGlobalSection
	GlobalSection(SolutionProperties) = preSolution
		HideSolutionNode = FALSE
	EndGlobalSection
	GlobalSection(ExtensibilityGlobals) = postSolution
		SolutionGuid = {E447DB0E-0A54-464A-A6A8-6E0D1D4E345A}
	EndGlobalSection
EndGlobal
